{
  "name": "cadastros-omie",
  "version": "0.3.1",
  "lockfileVersion": 3,
  "requires": true,
  "packages": {
    "": {
      "name": "cadastros-omie",
      "version": "0.3.1",
      "devDependencies": {
        "@oondemand/create-central-oon": "0.6.1"
      }
    },
    "node_modules/@oondemand/create-central-oon": {
      "version": "0.6.1",
      "resolved": "https://registry.npmjs.org/@oondemand/create-central-oon/-/create-central-oon-0.6.1.tgz",
      "integrity": "sha512-6eyLsBx5zTLJHzGuA6ir5SMnVlTddJxkcxLtFqNbpPIh2LPZgIOfulBuxmZA+pyGp1lNuuxxj4oy9xAnpZHHHg==",
      "dev": true,
      "license": "SEE LICENSE IN LICENSE",
      "bin": {
        "create-central-oon": "bin/cli.js",
        "scaffold-central-oon": "bin/cli.js"
      },
      "engines": {
        "node": ">=18"
      }
    }
  }
}
